
Microsoft Visual Studio Solution File, Format Version 10.00
# Visual Studio 2008
Project("{8BC9CEB8-8B4A-11D0-8D11-00A0C91BC942}") = "Test4_1A", "Test4_1A.vcproj", "{A1E5315C-F75D-4310-BBE9-E46B515607E7}"
EndProject
Global
	GlobalSection(SolutionConfigurationPlatforms) = preSolution
		Debug|Win32 = Debug|Win32
		Release|Win32 = Release|Win32
	EndGlobalSection
	GlobalSection(ProjectConfigurationPlatforms) = postSolution
		{A1E5315C-F75D-4310-BBE9-E46B515607E7}.Debug|Win32.ActiveCfg = Debug|Win32
		{A1E5315C-F75D-4310-BBE9-E46B515607E7}.Debug|Win32.Build.0 = Debug|Win32
		{A1E5315C-F75D-4310-BBE9-E46B515607E7}.Release|Win32.ActiveCfg = Release|Win32
		{A1E5315C-F75D-4310-BBE9-E46B515607E7}.Release|Win32.Build.0 = Release|Win32
	EndGlobalSection
	GlobalSection(SolutionProperties) = preSolution
		HideSolutionNode = FALSE
	EndGlobalSection
EndGlobal
