
Microsoft Visual Studio Solution File, Format Version 10.00
# Visual Studio 2008
Project("{8BC9CEB8-8B4A-11D0-8D11-00A0C91BC942}") = "Test5_3A", "Test5_3A.vcproj", "{F778D0B9-5611-4786-878D-28539E2B19F4}"
EndProject
Global
	GlobalSection(SolutionConfigurationPlatforms) = preSolution
		Debug|Win32 = Debug|Win32
		Release|Win32 = Release|Win32
	EndGlobalSection
	GlobalSection(ProjectConfigurationPlatforms) = postSolution
		{F778D0B9-5611-4786-878D-28539E2B19F4}.Debug|Win32.ActiveCfg = Debug|Win32
		{F778D0B9-5611-4786-878D-28539E2B19F4}.Debug|Win32.Build.0 = Debug|Win32
		{F778D0B9-5611-4786-878D-28539E2B19F4}.Release|Win32.ActiveCfg = Release|Win32
		{F778D0B9-5611-4786-878D-28539E2B19F4}.Release|Win32.Build.0 = Release|Win32
	EndGlobalSection
	GlobalSection(SolutionProperties) = preSolution
		HideSolutionNode = FALSE
	EndGlobalSection
EndGlobal
