
Microsoft Visual Studio Solution File, Format Version 10.00
# Visual Studio 2008
Project("{8BC9CEB8-8B4A-11D0-8D11-00A0C91BC942}") = "Test11_3A", "Test11_3A.vcproj", "{CB541C98-DBA5-4C9D-8130-AD4E46BCFD6B}"
EndProject
Global
	GlobalSection(SolutionConfigurationPlatforms) = preSolution
		Debug|Win32 = Debug|Win32
		Release|Win32 = Release|Win32
	EndGlobalSection
	GlobalSection(ProjectConfigurationPlatforms) = postSolution
		{CB541C98-DBA5-4C9D-8130-AD4E46BCFD6B}.Debug|Win32.ActiveCfg = Debug|Win32
		{CB541C98-DBA5-4C9D-8130-AD4E46BCFD6B}.Debug|Win32.Build.0 = Debug|Win32
		{CB541C98-DBA5-4C9D-8130-AD4E46BCFD6B}.Release|Win32.ActiveCfg = Release|Win32
		{CB541C98-DBA5-4C9D-8130-AD4E46BCFD6B}.Release|Win32.Build.0 = Release|Win32
	EndGlobalSection
	GlobalSection(SolutionProperties) = preSolution
		HideSolutionNode = FALSE
	EndGlobalSection
EndGlobal
