
Microsoft Visual Studio Solution File, Format Version 10.00
# Visual Studio 2008
Project("{8BC9CEB8-8B4A-11D0-8D11-00A0C91BC942}") = "Test12_2A", "Test12_2A.vcproj", "{BC9FF8C1-ED77-492C-9CAC-6F2CD103AD0C}"
EndProject
Global
	GlobalSection(SolutionConfigurationPlatforms) = preSolution
		Debug|Win32 = Debug|Win32
		Release|Win32 = Release|Win32
	EndGlobalSection
	GlobalSection(ProjectConfigurationPlatforms) = postSolution
		{BC9FF8C1-ED77-492C-9CAC-6F2CD103AD0C}.Debug|Win32.ActiveCfg = Debug|Win32
		{BC9FF8C1-ED77-492C-9CAC-6F2CD103AD0C}.Debug|Win32.Build.0 = Debug|Win32
		{BC9FF8C1-ED77-492C-9CAC-6F2CD103AD0C}.Release|Win32.ActiveCfg = Release|Win32
		{BC9FF8C1-ED77-492C-9CAC-6F2CD103AD0C}.Release|Win32.Build.0 = Release|Win32
	EndGlobalSection
	GlobalSection(SolutionProperties) = preSolution
		HideSolutionNode = FALSE
	EndGlobalSection
EndGlobal
