
Microsoft Visual Studio Solution File, Format Version 10.00
# Visual Studio 2008
Project("{8BC9CEB8-8B4A-11D0-8D11-00A0C91BC942}") = "Test7_2B", "Test7_2B.vcproj", "{726F21CA-C85D-4054-8510-95B8CA6B0D08}"
EndProject
Global
	GlobalSection(SolutionConfigurationPlatforms) = preSolution
		Debug|Win32 = Debug|Win32
		Release|Win32 = Release|Win32
	EndGlobalSection
	GlobalSection(ProjectConfigurationPlatforms) = postSolution
		{726F21CA-C85D-4054-8510-95B8CA6B0D08}.Debug|Win32.ActiveCfg = Debug|Win32
		{726F21CA-C85D-4054-8510-95B8CA6B0D08}.Debug|Win32.Build.0 = Debug|Win32
		{726F21CA-C85D-4054-8510-95B8CA6B0D08}.Release|Win32.ActiveCfg = Release|Win32
		{726F21CA-C85D-4054-8510-95B8CA6B0D08}.Release|Win32.Build.0 = Release|Win32
	EndGlobalSection
	GlobalSection(SolutionProperties) = preSolution
		HideSolutionNode = FALSE
	EndGlobalSection
EndGlobal
