
Microsoft Visual Studio Solution File, Format Version 10.00
# Visual Studio 2008
Project("{8BC9CEB8-8B4A-11D0-8D11-00A0C91BC942}") = "Test10_2A", "Test10_2A.vcproj", "{AD4F47D3-E5F4-4C84-8E56-BF685A057A71}"
EndProject
Global
	GlobalSection(SolutionConfigurationPlatforms) = preSolution
		Debug|Win32 = Debug|Win32
		Release|Win32 = Release|Win32
	EndGlobalSection
	GlobalSection(ProjectConfigurationPlatforms) = postSolution
		{AD4F47D3-E5F4-4C84-8E56-BF685A057A71}.Debug|Win32.ActiveCfg = Debug|Win32
		{AD4F47D3-E5F4-4C84-8E56-BF685A057A71}.Debug|Win32.Build.0 = Debug|Win32
		{AD4F47D3-E5F4-4C84-8E56-BF685A057A71}.Release|Win32.ActiveCfg = Release|Win32
		{AD4F47D3-E5F4-4C84-8E56-BF685A057A71}.Release|Win32.Build.0 = Release|Win32
	EndGlobalSection
	GlobalSection(SolutionProperties) = preSolution
		HideSolutionNode = FALSE
	EndGlobalSection
EndGlobal
