
Microsoft Visual Studio Solution File, Format Version 10.00
# Visual Studio 2008
Project("{8BC9CEB8-8B4A-11D0-8D11-00A0C91BC942}") = "Test7_3A", "Test7_3A.vcproj", "{96E70A01-0909-4541-9489-523F3FE9A08D}"
EndProject
Global
	GlobalSection(SolutionConfigurationPlatforms) = preSolution
		Debug|Win32 = Debug|Win32
		Release|Win32 = Release|Win32
	EndGlobalSection
	GlobalSection(ProjectConfigurationPlatforms) = postSolution
		{96E70A01-0909-4541-9489-523F3FE9A08D}.Debug|Win32.ActiveCfg = Debug|Win32
		{96E70A01-0909-4541-9489-523F3FE9A08D}.Debug|Win32.Build.0 = Debug|Win32
		{96E70A01-0909-4541-9489-523F3FE9A08D}.Release|Win32.ActiveCfg = Release|Win32
		{96E70A01-0909-4541-9489-523F3FE9A08D}.Release|Win32.Build.0 = Release|Win32
	EndGlobalSection
	GlobalSection(SolutionProperties) = preSolution
		HideSolutionNode = FALSE
	EndGlobalSection
EndGlobal
